
Microsoft Visual Studio Solution File, Format Version 12.00
# Visual Studio 15
VisualStudioVersion = 15.0.27130.2036
MinimumVisualStudioVersion = 10.0.40219.1
Project("{FAE04EC0-301F-11D3-BF4B-00C04F79EFBC}") = "TPC_BAIRES", "TPC_BAIRES.csproj", "{1C54AD98-B395-461F-9DE5-7E8C58ADE4F2}"
EndProject
Project("{FAE04EC0-301F-11D3-BF4B-00C04F79EFBC}") = "Dominio", "DOMINIO\Dominio.csproj", "{D312D927-A9B7-4209-A8BD-46226263AE18}"
EndProject
Project("{2150E333-8FDC-42A3-9474-1A3956D46DE8}") = "Solution Items", "Solution Items", "{A23B347B-1393-46A6-AB54-7F76FBF18354}"
	ProjectSection(SolutionItems) = preProject
		..\..\TPC_BAIRES\Shop\.gitignore = ..\..\TPC_BAIRES\Shop\.gitignore
		..\..\TPC_BAIRES\Shop\.travis.yml = ..\..\TPC_BAIRES\Shop\.travis.yml
		..\..\TPC_BAIRES\Shop\gulpfile.js = ..\..\TPC_BAIRES\Shop\gulpfile.js
		..\..\TPC_BAIRES\Shop\index.html = ..\..\TPC_BAIRES\Shop\index.html
		..\..\TPC_BAIRES\Shop\LICENSE = ..\..\TPC_BAIRES\Shop\LICENSE
		..\..\TPC_BAIRES\Shop\package-lock.json = ..\..\TPC_BAIRES\Shop\package-lock.json
		..\..\TPC_BAIRES\Shop\package.json = ..\..\TPC_BAIRES\Shop\package.json
		..\..\TPC_BAIRES\Shop\README.md = ..\..\TPC_BAIRES\Shop\README.md
	EndProjectSection
EndProject
Project("{FAE04EC0-301F-11D3-BF4B-00C04F79EFBC}") = "Negocio", "Negocio\Negocio.csproj", "{ED25041F-ACD0-424F-8697-87934DAEB20B}"
EndProject
Global
	GlobalSection(SolutionConfigurationPlatforms) = preSolution
		Debug|Any CPU = Debug|Any CPU
		Release|Any CPU = Release|Any CPU
	EndGlobalSection
	GlobalSection(ProjectConfigurationPlatforms) = postSolution
		{1C54AD98-B395-461F-9DE5-7E8C58ADE4F2}.Debug|Any CPU.ActiveCfg = Debug|Any CPU
		{1C54AD98-B395-461F-9DE5-7E8C58ADE4F2}.Debug|Any CPU.Build.0 = Debug|Any CPU
		{1C54AD98-B395-461F-9DE5-7E8C58ADE4F2}.Release|Any CPU.ActiveCfg = Release|Any CPU
		{1C54AD98-B395-461F-9DE5-7E8C58ADE4F2}.Release|Any CPU.Build.0 = Release|Any CPU
		{D312D927-A9B7-4209-A8BD-46226263AE18}.Debug|Any CPU.ActiveCfg = Debug|Any CPU
		{D312D927-A9B7-4209-A8BD-46226263AE18}.Debug|Any CPU.Build.0 = Debug|Any CPU
		{D312D927-A9B7-4209-A8BD-46226263AE18}.Release|Any CPU.ActiveCfg = Release|Any CPU
		{D312D927-A9B7-4209-A8BD-46226263AE18}.Release|Any CPU.Build.0 = Release|Any CPU
		{ED25041F-ACD0-424F-8697-87934DAEB20B}.Debug|Any CPU.ActiveCfg = Debug|Any CPU
		{ED25041F-ACD0-424F-8697-87934DAEB20B}.Debug|Any CPU.Build.0 = Debug|Any CPU
		{ED25041F-ACD0-424F-8697-87934DAEB20B}.Release|Any CPU.ActiveCfg = Release|Any CPU
		{ED25041F-ACD0-424F-8697-87934DAEB20B}.Release|Any CPU.Build.0 = Release|Any CPU
	EndGlobalSection
	GlobalSection(SolutionProperties) = preSolution
		HideSolutionNode = FALSE
	EndGlobalSection
	GlobalSection(ExtensibilityGlobals) = postSolution
		SolutionGuid = {25E3CF69-EA15-4601-A9BD-63561531666D}
	EndGlobalSection
EndGlobal
